
Microsoft Visual Studio Solution File, Format Version 12.00
# Visual Studio Version 17
VisualStudioVersion = 17.0.32112.339
MinimumVisualStudioVersion = 10.0.40219.1
Project("{8BC9CEB8-8B4A-11D0-8D11-00A0C91BC942}") = "krestiki", "krestiki\krestiki.vcxproj", "{5AC5D189-4E87-4B96-A37A-99358B1B9009}"
EndProject
Project("{54435603-DBB4-11D2-8724-00A0C9A8B90C}") = "Setup1", "Setup1\Setup1.vdproj", "{09CE31C9-4734-4F6F-B396-AFA1FA2F362D}"
EndProject
Global
	GlobalSection(SolutionConfigurationPlatforms) = preSolution
		Debug|x64 = Debug|x64
		Debug|x86 = Debug|x86
		Release|x64 = Release|x64
		Release|x86 = Release|x86
	EndGlobalSection
	GlobalSection(ProjectConfigurationPlatforms) = postSolution
		{5AC5D189-4E87-4B96-A37A-99358B1B9009}.Debug|x64.ActiveCfg = Release|Win32
		{5AC5D189-4E87-4B96-A37A-99358B1B9009}.Debug|x64.Build.0 = Release|Win32
		{5AC5D189-4E87-4B96-A37A-99358B1B9009}.Debug|x86.ActiveCfg = Debug|Win32
		{5AC5D189-4E87-4B96-A37A-99358B1B9009}.Debug|x86.Build.0 = Debug|Win32
		{5AC5D189-4E87-4B96-A37A-99358B1B9009}.Release|x64.ActiveCfg = Release|x64
		{5AC5D189-4E87-4B96-A37A-99358B1B9009}.Release|x64.Build.0 = Release|x64
		{5AC5D189-4E87-4B96-A37A-99358B1B9009}.Release|x86.ActiveCfg = Release|x64
		{5AC5D189-4E87-4B96-A37A-99358B1B9009}.Release|x86.Build.0 = Release|x64
		{09CE31C9-4734-4F6F-B396-AFA1FA2F362D}.Debug|x64.ActiveCfg = Debug
		{09CE31C9-4734-4F6F-B396-AFA1FA2F362D}.Debug|x86.ActiveCfg = Debug
		{09CE31C9-4734-4F6F-B396-AFA1FA2F362D}.Release|x64.ActiveCfg = Release
		{09CE31C9-4734-4F6F-B396-AFA1FA2F362D}.Release|x86.ActiveCfg = Release
	EndGlobalSection
	GlobalSection(SolutionProperties) = preSolution
		HideSolutionNode = FALSE
	EndGlobalSection
	GlobalSection(ExtensibilityGlobals) = postSolution
		SolutionGuid = {E7C4E695-4F3F-48BD-9CF6-BA94B6B6C540}
	EndGlobalSection
EndGlobal
